
Microsoft Visual Studio Solution File, Format Version 12.00
# Visual Studio Version 17
VisualStudioVersion = 17.2.32616.157
MinimumVisualStudioVersion = 10.0.40219.1
Project("{FAE04EC0-301F-11D3-BF4B-00C04F79EFBC}") = "TestActions", "TestActions\TestActions.csproj", "{709EAE42-EEC7-4A9D-8F7D-2A13D554708C}"
EndProject
Global
	GlobalSection(SolutionConfigurationPlatforms) = preSolution
		Debug|Any CPU = Debug|Any CPU
		Release|Any CPU = Release|Any CPU
	EndGlobalSection
	GlobalSection(ProjectConfigurationPlatforms) = postSolution
		{709EAE42-EEC7-4A9D-8F7D-2A13D554708C}.Debug|Any CPU.ActiveCfg = Debug|Any CPU
		{709EAE42-EEC7-4A9D-8F7D-2A13D554708C}.Debug|Any CPU.Build.0 = Debug|Any CPU
		{709EAE42-EEC7-4A9D-8F7D-2A13D554708C}.Release|Any CPU.ActiveCfg = Release|Any CPU
		{709EAE42-EEC7-4A9D-8F7D-2A13D554708C}.Release|Any CPU.Build.0 = Release|Any CPU
	EndGlobalSection
	GlobalSection(SolutionProperties) = preSolution
		HideSolutionNode = FALSE
	EndGlobalSection
	GlobalSection(ExtensibilityGlobals) = postSolution
		SolutionGuid = {23578FB1-43B7-4E0A-98CA-8E32F291A568}
	EndGlobalSection
EndGlobal
